
Microsoft Visual Studio Solution File, Format Version 12.00
# Visual Studio Version 16
VisualStudioVersion = 16.0.31729.503
MinimumVisualStudioVersion = 10.0.40219.1
Project("{FAE04EC0-301F-11D3-BF4B-00C04F79EFBC}") = "OduncKitapMvcWebSolution_UI", "OduncKitapMvcWebSolution_UI\OduncKitapMvcWebSolution_UI.csproj", "{C097A1EE-2E99-4DF6-A907-B0152C2A6003}"
EndProject
Project("{FAE04EC0-301F-11D3-BF4B-00C04F79EFBC}") = "OduncKitapMvcWebSolution_Business", "OduncKitapMvcWebSolution_Business\OduncKitapMvcWebSolution_Business.csproj", "{EC309831-2F85-4937-B400-5FF402BC3DD0}"
EndProject
Global
	GlobalSection(SolutionConfigurationPlatforms) = preSolution
		Debug|Any CPU = Debug|Any CPU
		Release|Any CPU = Release|Any CPU
	EndGlobalSection
	GlobalSection(ProjectConfigurationPlatforms) = postSolution
		{C097A1EE-2E99-4DF6-A907-B0152C2A6003}.Debug|Any CPU.ActiveCfg = Debug|Any CPU
		{C097A1EE-2E99-4DF6-A907-B0152C2A6003}.Debug|Any CPU.Build.0 = Debug|Any CPU
		{C097A1EE-2E99-4DF6-A907-B0152C2A6003}.Release|Any CPU.ActiveCfg = Release|Any CPU
		{C097A1EE-2E99-4DF6-A907-B0152C2A6003}.Release|Any CPU.Build.0 = Release|Any CPU
		{EC309831-2F85-4937-B400-5FF402BC3DD0}.Debug|Any CPU.ActiveCfg = Debug|Any CPU
		{EC309831-2F85-4937-B400-5FF402BC3DD0}.Debug|Any CPU.Build.0 = Debug|Any CPU
		{EC309831-2F85-4937-B400-5FF402BC3DD0}.Release|Any CPU.ActiveCfg = Release|Any CPU
		{EC309831-2F85-4937-B400-5FF402BC3DD0}.Release|Any CPU.Build.0 = Release|Any CPU
	EndGlobalSection
	GlobalSection(SolutionProperties) = preSolution
		HideSolutionNode = FALSE
	EndGlobalSection
	GlobalSection(ExtensibilityGlobals) = postSolution
		SolutionGuid = {27AF1331-B1F0-435E-AEC9-1D45E25FEF75}
	EndGlobalSection
EndGlobal
